
Microsoft Visual Studio Solution File, Format Version 12.00
# Visual Studio Version 16
VisualStudioVersion = 16.0.31205.134
MinimumVisualStudioVersion = 10.0.40219.1
Project("{FAE04EC0-301F-11D3-BF4B-00C04F79EFBC}") = "TheNumberOfNailsAndBlowsOnThem", "TheNumberOfNailsAndBlowsOnThem\TheNumberOfNailsAndBlowsOnThem.csproj", "{DAD7223E-246E-4846-9641-FBB819123D0D}"
EndProject
Global
	GlobalSection(SolutionConfigurationPlatforms) = preSolution
		Debug|Any CPU = Debug|Any CPU
		Release|Any CPU = Release|Any CPU
	EndGlobalSection
	GlobalSection(ProjectConfigurationPlatforms) = postSolution
		{DAD7223E-246E-4846-9641-FBB819123D0D}.Debug|Any CPU.ActiveCfg = Debug|Any CPU
		{DAD7223E-246E-4846-9641-FBB819123D0D}.Debug|Any CPU.Build.0 = Debug|Any CPU
		{DAD7223E-246E-4846-9641-FBB819123D0D}.Release|Any CPU.ActiveCfg = Release|Any CPU
		{DAD7223E-246E-4846-9641-FBB819123D0D}.Release|Any CPU.Build.0 = Release|Any CPU
	EndGlobalSection
	GlobalSection(SolutionProperties) = preSolution
		HideSolutionNode = FALSE
	EndGlobalSection
	GlobalSection(ExtensibilityGlobals) = postSolution
		SolutionGuid = {7EE32F93-2744-43A5-ABE6-50CC460BAB99}
	EndGlobalSection
EndGlobal
